
Microsoft Visual Studio Solution File, Format Version 12.00
# Visual Studio Version 16
VisualStudioVersion = 16.0.30621.155
MinimumVisualStudioVersion = 10.0.40219.1
Project("{FAE04EC0-301F-11D3-BF4B-00C04F79EFBC}") = "Masterdata_Service", "Masterdata_Service.csproj", "{6A7679B3-3F3B-4F96-B5FC-602822C1227A}"
EndProject
Global
	GlobalSection(SolutionConfigurationPlatforms) = preSolution
		Debug|Any CPU = Debug|Any CPU
		Release|Any CPU = Release|Any CPU
	EndGlobalSection
	GlobalSection(ProjectConfigurationPlatforms) = postSolution
		{6A7679B3-3F3B-4F96-B5FC-602822C1227A}.Debug|Any CPU.ActiveCfg = Debug|Any CPU
		{6A7679B3-3F3B-4F96-B5FC-602822C1227A}.Debug|Any CPU.Build.0 = Debug|Any CPU
		{6A7679B3-3F3B-4F96-B5FC-602822C1227A}.Release|Any CPU.ActiveCfg = Release|Any CPU
		{6A7679B3-3F3B-4F96-B5FC-602822C1227A}.Release|Any CPU.Build.0 = Release|Any CPU
	EndGlobalSection
	GlobalSection(SolutionProperties) = preSolution
		HideSolutionNode = FALSE
	EndGlobalSection
	GlobalSection(ExtensibilityGlobals) = postSolution
		SolutionGuid = {35CA1AFD-4D65-431D-82C0-40856900E1E7}
	EndGlobalSection
EndGlobal
